PODS:
  - Alamofire (3.2.1)
  - Crashlytics (3.7.0):
    - Fabric (~> 1.6.3)
  - Digits (2.0.2):
    - TwitterCore (= 2.0.2)
  - Fabric (1.6.7)
  - ObjectMapper (1.3.0)
  - TwitterCore (2.0.2):
    - Fabric

DEPENDENCIES:
  - Alamofire (~> 3.2.0)
  - Crashlytics
  - Digits
  - Fabric
  - ObjectMapper (~> 1.3.0)
  - TwitterCore

SPEC CHECKSUMS:
  Alamofire: f11d8624a05f5d39e0c99309b3e600a3ba64298a
  Crashlytics: c3a2333dea9e2733d2777f730910321fc9e25c0d
  Digits: a5c8ddfed18d5e0496e9b6f459f0bca44de588db
  Fabric: caf7580c725e64db144f610ac65cd60956911dc7
  ObjectMapper: 4eb08a726e9791a93b2632049951b56a7c17e471
  TwitterCore: 0f44d8980a6879d5205dcb4e010d15e643e56fa0

PODFILE CHECKSUM: 5105a84b3567b96d2f8899b6b01f8dd062cf9c8d

COCOAPODS: 1.0.0
