// !$*UTF8*$!
{
	archiveVersion = 1;
	classes = {
	};
	objectVersion = 46;
	objects = {

/* Begin PBXBuildFile section */
		0112094F1CC9FC8800E589DA /* RefusedViewController.swift in Sources */ = {isa = PBXBuildFile; fileRef = 0112094E1CC9FC8800E589DA /* RefusedViewController.swift */; };
		012EE23C1CAE76060049BF5F /* Localizable.strings in Resources */ = {isa = PBXBuildFile; fileRef = 012EE23E1CAE76060049BF5F /* Localizable.strings */; };
		014F05171CF2A19600107971 /* CityPopoverMenu.swift in Sources */ = {isa = PBXBuildFile; fileRef = 014F05161CF2A19600107971 /* CityPopoverMenu.swift */; };
		015D3D771CEEADA500F38921 /* BranchDetailReusableCell.swift in Sources */ = {isa = PBXBuildFile; fileRef = 015D3D761CEEADA500F38921 /* BranchDetailReusableCell.swift */; };
		016081181CA3840400514BCD /* ActivityCell.swift in Sources */ = {isa = PBXBuildFile; fileRef = 016080FD1CA3840400514BCD /* ActivityCell.swift */; };
		016081191CA3840400514BCD /* ConfirmingReservationCell.swift in Sources */ = {isa = PBXBuildFile; fileRef = 016080FF1CA3840400514BCD /* ConfirmingReservationCell.swift */; };
		0160811A1CA3840400514BCD /* ReservationCellView.swift in Sources */ = {isa = PBXBuildFile; fileRef = 016081001CA3840400514BCD /* ReservationCellView.swift */; };
		0160811B1CA3840400514BCD /* ShopProductCell.swift in Sources */ = {isa = PBXBuildFile; fileRef = 016081021CA3840400514BCD /* ShopProductCell.swift */; };
		0160811C1CA3840400514BCD /* ActivitiesViewController.swift in Sources */ = {isa = PBXBuildFile; fileRef = 016081051CA3840400514BCD /* ActivitiesViewController.swift */; };
		0160811D1CA3840400514BCD /* ActivityDetailViewController.swift in Sources */ = {isa = PBXBuildFile; fileRef = 016081061CA3840400514BCD /* ActivityDetailViewController.swift */; };
		0160811E1CA3840400514BCD /* SignInViewController.swift in Sources */ = {isa = PBXBuildFile; fileRef = 016081081CA3840400514BCD /* SignInViewController.swift */; };
		0160811F1CA3840400514BCD /* MainViewController.swift in Sources */ = {isa = PBXBuildFile; fileRef = 0160810A1CA3840400514BCD /* MainViewController.swift */; };
		016081201CA3840400514BCD /* CancelReservationViewController.swift in Sources */ = {isa = PBXBuildFile; fileRef = 0160810C1CA3840400514BCD /* CancelReservationViewController.swift */; };
		016081211CA3840400514BCD /* ConfirmingReservationViewController.swift in Sources */ = {isa = PBXBuildFile; fileRef = 0160810D1CA3840400514BCD /* ConfirmingReservationViewController.swift */; };
		016081221CA3840400514BCD /* NewReservationViewController.swift in Sources */ = {isa = PBXBuildFile; fileRef = 0160810E1CA3840400514BCD /* NewReservationViewController.swift */; };
		016081231CA3840400514BCD /* ReservationDetailViewController.swift in Sources */ = {isa = PBXBuildFile; fileRef = 0160810F1CA3840400514BCD /* ReservationDetailViewController.swift */; };
		016081241CA3840400514BCD /* ReservationViewController.swift in Sources */ = {isa = PBXBuildFile; fileRef = 016081101CA3840400514BCD /* ReservationViewController.swift */; };
		016081251CA3840400514BCD /* ReservedViewController.swift in Sources */ = {isa = PBXBuildFile; fileRef = 016081111CA3840400514BCD /* ReservedViewController.swift */; };
		016081261CA3840400514BCD /* ScheduleViewController.swift in Sources */ = {isa = PBXBuildFile; fileRef = 016081131CA3840400514BCD /* ScheduleViewController.swift */; };
		016081271CA3840400514BCD /* ProductInfoViewController.swift in Sources */ = {isa = PBXBuildFile; fileRef = 016081151CA3840400514BCD /* ProductInfoViewController.swift */; };
		016081281CA3840400514BCD /* ShopPopoverMenu.swift in Sources */ = {isa = PBXBuildFile; fileRef = 016081161CA3840400514BCD /* ShopPopoverMenu.swift */; };
		016081291CA3840400514BCD /* ShopsViewController.swift in Sources */ = {isa = PBXBuildFile; fileRef = 016081171CA3840400514BCD /* ShopsViewController.swift */; };
		016081331CA5395A00514BCD /* ShopBookingTableViewController.swift in Sources */ = {isa = PBXBuildFile; fileRef = 016081321CA5395A00514BCD /* ShopBookingTableViewController.swift */; };
		016081351CA53E4A00514BCD /* ShopBookingCell.swift in Sources */ = {isa = PBXBuildFile; fileRef = 016081341CA53E4A00514BCD /* ShopBookingCell.swift */; };
		0175B55E1CEEF95E008B42DD /* ReservationDetailCell.swift in Sources */ = {isa = PBXBuildFile; fileRef = 0175B55D1CEEF95E008B42DD /* ReservationDetailCell.swift */; };
		0175B5601CEF0E2F008B42DD /* RejectedReservationCell.swift in Sources */ = {isa = PBXBuildFile; fileRef = 0175B55F1CEF0E2F008B42DD /* RejectedReservationCell.swift */; };
		0195A1741CC7186B00927959 /* PlaNetworking.swift in Sources */ = {isa = PBXBuildFile; fileRef = 0195A1731CC7186B00927959 /* PlaNetworking.swift */; };
		0195A1761CC718D700927959 /* RegistViewController.swift in Sources */ = {isa = PBXBuildFile; fileRef = 0195A1751CC718D700927959 /* RegistViewController.swift */; };
		0195A17A1CC71D5800927959 /* Utils.m in Sources */ = {isa = PBXBuildFile; fileRef = 0195A1791CC71D5800927959 /* Utils.m */; };
		01BE62DA1CE99EAC00BC9155 /* Model.swift in Sources */ = {isa = PBXBuildFile; fileRef = 01BE62D91CE99EAC00BC9155 /* Model.swift */; };
		01CBB3901CCA08DF00645700 /* MainTabBarViewController.swift in Sources */ = {isa = PBXBuildFile; fileRef = 01CBB38F1CCA08DF00645700 /* MainTabBarViewController.swift */; };
		01CBB3921CCA0B4900645700 /* NewCollectionViewController.swift in Sources */ = {isa = PBXBuildFile; fileRef = 01CBB3911CCA0B4900645700 /* NewCollectionViewController.swift */; };
		01CBB3941CCA131500645700 /* NewReservationCollectionReusableCell.swift in Sources */ = {isa = PBXBuildFile; fileRef = 01CBB3931CCA131500645700 /* NewReservationCollectionReusableCell.swift */; };
		01CBB3961CCA1FE700645700 /* NewBranchViewController.swift in Sources */ = {isa = PBXBuildFile; fileRef = 01CBB3951CCA1FE600645700 /* NewBranchViewController.swift */; };
		01CBB3981CCA244A00645700 /* NewReservationReusableCell.swift in Sources */ = {isa = PBXBuildFile; fileRef = 01CBB3971CCA244A00645700 /* NewReservationReusableCell.swift */; };
		01CBB39A1CCA271F00645700 /* BranchDetailTableViewController.swift in Sources */ = {isa = PBXBuildFile; fileRef = 01CBB3991CCA271F00645700 /* BranchDetailTableViewController.swift */; };
		01FAB1BD1CCDBEC5002E320C /* ReservedDetailTableViewController.swift in Sources */ = {isa = PBXBuildFile; fileRef = 01FAB1BC1CCDBEC5002E320C /* ReservedDetailTableViewController.swift */; };
		01FAB1BF1CCDC3CE002E320C /* RefusedDetailTableViewController.swift in Sources */ = {isa = PBXBuildFile; fileRef = 01FAB1BE1CCDC3CE002E320C /* RefusedDetailTableViewController.swift */; };
		8A4EB0B01C9F86CE0000EA47 /* AppDelegate.swift in Sources */ = {isa = PBXBuildFile; fileRef = 8A4EB0AF1C9F86CE0000EA47 /* AppDelegate.swift */; };
		8A4EB0B51C9F86CE0000EA47 /* Main.storyboard in Resources */ = {isa = PBXBuildFile; fileRef = 8A4EB0B31C9F86CE0000EA47 /* Main.storyboard */; };
		8A4EB0B71C9F86CE0000EA47 /* Images.xcassets in Resources */ = {isa = PBXBuildFile; fileRef = 8A4EB0B61C9F86CE0000EA47 /* Images.xcassets */; };
		8A4EB0BA1C9F86CE0000EA47 /* LaunchScreen.storyboard in Resources */ = {isa = PBXBuildFile; fileRef = 8A4EB0B81C9F86CE0000EA47 /* LaunchScreen.storyboard */; };
		8A4EB0C51C9F86CE0000EA47 /* PLASOFTWARETests.swift in Sources */ = {isa = PBXBuildFile; fileRef = 8A4EB0C41C9F86CE0000EA47 /* PLASOFTWARETests.swift */; };
		8A4EB0D01C9F86CE0000EA47 /* PLASOFTWAREUITests.swift in Sources */ = {isa = PBXBuildFile; fileRef = 8A4EB0CF1C9F86CE0000EA47 /* PLASOFTWAREUITests.swift */; };
		8A4EB0E11C9F873A0000EA47 /* Extensions.swift in Sources */ = {isa = PBXBuildFile; fileRef = 8A4EB0E01C9F873A0000EA47 /* Extensions.swift */; };
		9B1E2FFAA5BD11EC2FABE523 /* Pods_PLASOFTWARE.framework in Frameworks */ = {isa = PBXBuildFile; fileRef = F234371B9124655EF6303652 /* Pods_PLASOFTWARE.framework */; };
		A5B6D2E27547BAB2CF96AF47 /* Pods_PLASOFTWAREUITests.framework in Frameworks */ = {isa = PBXBuildFile; fileRef = AFFFC38B9AA92D42E2205B8E /* Pods_PLASOFTWAREUITests.framework */; };
		F0ACAC86001BD37875073162 /* Pods_PLASOFTWARETests.framework in Frameworks */ = {isa = PBXBuildFile; fileRef = B0BEE7CB8165A05325D8A207 /* Pods_PLASOFTWARETests.framework */; };
/* End PBXBuildFile section */

/* Begin PBXContainerItemProxy section */
		8A4EB0C11C9F86CE0000EA47 /* PBXContainerItemProxy */ = {
			isa = PBXContainerItemProxy;
			containerPortal = 8A4EB0A41C9F86CD0000EA47 /* Project object */;
			proxyType = 1;
			remoteGlobalIDString = 8A4EB0AB1C9F86CD0000EA47;
			remoteInfo = PLASOFTWARE;
		};
		8A4EB0CC1C9F86CE0000EA47 /* PBXContainerItemProxy */ = {
			isa = PBXContainerItemProxy;
			containerPortal = 8A4EB0A41C9F86CD0000EA47 /* Project object */;
			proxyType = 1;
			remoteGlobalIDString = 8A4EB0AB1C9F86CD0000EA47;
			remoteInfo = PLASOFTWARE;
		};
/* End PBXContainerItemProxy section */

/* Begin PBXFileReference section */
		0112094E1CC9FC8800E589DA /* RefusedViewController.swift */ = {isa = PBXFileReference; fileEncoding = 4; lastKnownFileType = sourcecode.swift; path = RefusedViewController.swift; sourceTree = "<group>"; };
		012EE23F1CAE768F0049BF5F /* zh-Hans */ = {isa = PBXFileReference; lastKnownFileType = text.plist.strings; name = "zh-Hans"; path = "zh-Hans.lproj/Main.strings"; sourceTree = "<group>"; };
		012EE2401CAE768F0049BF5F /* zh-Hans */ = {isa = PBXFileReference; lastKnownFileType = text.plist.strings; name = "zh-Hans"; path = "zh-Hans.lproj/LaunchScreen.strings"; sourceTree = "<group>"; };
		012EE2411CAE768F0049BF5F /* zh-Hans */ = {isa = PBXFileReference; lastKnownFileType = text.plist.strings; name = "zh-Hans"; path = "zh-Hans.lproj/Localizable.strings"; sourceTree = "<group>"; };
		012EE2461CAE7A3A0049BF5F /* en */ = {isa = PBXFileReference; lastKnownFileType = text.plist.strings; name = en; path = en.lproj/Localizable.strings; sourceTree = "<group>"; };
		012EE2471CAE7A7A0049BF5F /* vi */ = {isa = PBXFileReference; lastKnownFileType = text.plist.strings; name = vi; path = vi.lproj/Main.strings; sourceTree = "<group>"; };
		012EE2481CAE7A7A0049BF5F /* vi */ = {isa = PBXFileReference; lastKnownFileType = text.plist.strings; name = vi; path = vi.lproj/LaunchScreen.strings; sourceTree = "<group>"; };
		012EE2491CAE7A7A0049BF5F /* vi */ = {isa = PBXFileReference; lastKnownFileType = text.plist.strings; name = vi; path = vi.lproj/Localizable.strings; sourceTree = "<group>"; };
		014F05161CF2A19600107971 /* CityPopoverMenu.swift */ = {isa = PBXFileReference; fileEncoding = 4; lastKnownFileType = sourcecode.swift; path = CityPopoverMenu.swift; sourceTree = "<group>"; };
		015D3D761CEEADA500F38921 /* BranchDetailReusableCell.swift */ = {isa = PBXFileReference; fileEncoding = 4; lastKnownFileType = sourcecode.swift; path = BranchDetailReusableCell.swift; sourceTree = "<group>"; };
		016080FD1CA3840400514BCD /* ActivityCell.swift */ = {isa = PBXFileReference; fileEncoding = 4; lastKnownFileType = sourcecode.swift; path = ActivityCell.swift; sourceTree = "<group>"; };
		016080FF1CA3840400514BCD /* ConfirmingReservationCell.swift */ = {isa = PBXFileReference; fileEncoding = 4; lastKnownFileType = sourcecode.swift; path = ConfirmingReservationCell.swift; sourceTree = "<group>"; };
		016081001CA3840400514BCD /* ReservationCellView.swift */ = {isa = PBXFileReference; fileEncoding = 4; lastKnownFileType = sourcecode.swift; path = ReservationCellView.swift; sourceTree = "<group>"; };
		016081021CA3840400514BCD /* ShopProductCell.swift */ = {isa = PBXFileReference; fileEncoding = 4; lastKnownFileType = sourcecode.swift; path = ShopProductCell.swift; sourceTree = "<group>"; };
		016081051CA3840400514BCD /* ActivitiesViewController.swift */ = {isa = PBXFileReference; fileEncoding = 4; lastKnownFileType = sourcecode.swift; path = ActivitiesViewController.swift; sourceTree = "<group>"; };
		016081061CA3840400514BCD /* ActivityDetailViewController.swift */ = {isa = PBXFileReference; fileEncoding = 4; lastKnownFileType = sourcecode.swift; path = ActivityDetailViewController.swift; sourceTree = "<group>"; };
		016081081CA3840400514BCD /* SignInViewController.swift */ = {isa = PBXFileReference; fileEncoding = 4; lastKnownFileType = sourcecode.swift; path = SignInViewController.swift; sourceTree = "<group>"; };
		0160810A1CA3840400514BCD /* MainViewController.swift */ = {isa = PBXFileReference; fileEncoding = 4; lastKnownFileType = sourcecode.swift; path = MainViewController.swift; sourceTree = "<group>"; };
		0160810C1CA3840400514BCD /* CancelReservationViewController.swift */ = {isa = PBXFileReference; fileEncoding = 4; lastKnownFileType = sourcecode.swift; path = CancelReservationViewController.swift; sourceTree = "<group>"; };
		0160810D1CA3840400514BCD /* ConfirmingReservationViewController.swift */ = {isa = PBXFileReference; fileEncoding = 4; lastKnownFileType = sourcecode.swift; path = ConfirmingReservationViewController.swift; sourceTree = "<group>"; };
		0160810E1CA3840400514BCD /* NewReservationViewController.swift */ = {isa = PBXFileReference; fileEncoding = 4; lastKnownFileType = sourcecode.swift; path = NewReservationViewController.swift; sourceTree = "<group>"; };
		0160810F1CA3840400514BCD /* ReservationDetailViewController.swift */ = {isa = PBXFileReference; fileEncoding = 4; lastKnownFileType = sourcecode.swift; path = ReservationDetailViewController.swift; sourceTree = "<group>"; };
		016081101CA3840400514BCD /* ReservationViewController.swift */ = {isa = PBXFileReference; fileEncoding = 4; lastKnownFileType = sourcecode.swift; path = ReservationViewController.swift; sourceTree = "<group>"; };
		016081111CA3840400514BCD /* ReservedViewController.swift */ = {isa = PBXFileReference; fileEncoding = 4; lastKnownFileType = sourcecode.swift; path = ReservedViewController.swift; sourceTree = "<group>"; };
		016081131CA3840400514BCD /* ScheduleViewController.swift */ = {isa = PBXFileReference; fileEncoding = 4; lastKnownFileType = sourcecode.swift; path = ScheduleViewController.swift; sourceTree = "<group>"; };
		016081151CA3840400514BCD /* ProductInfoViewController.swift */ = {isa = PBXFileReference; fileEncoding = 4; lastKnownFileType = sourcecode.swift; path = ProductInfoViewController.swift; sourceTree = "<group>"; };
		016081161CA3840400514BCD /* ShopPopoverMenu.swift */ = {isa = PBXFileReference; fileEncoding = 4; lastKnownFileType = sourcecode.swift; path = ShopPopoverMenu.swift; sourceTree = "<group>"; };
		016081171CA3840400514BCD /* ShopsViewController.swift */ = {isa = PBXFileReference; fileEncoding = 4; lastKnownFileType = sourcecode.swift; path = ShopsViewController.swift; sourceTree = "<group>"; };
		016081321CA5395A00514BCD /* ShopBookingTableViewController.swift */ = {isa = PBXFileReference; fileEncoding = 4; lastKnownFileType = sourcecode.swift; path = ShopBookingTableViewController.swift; sourceTree = "<group>"; };
		016081341CA53E4A00514BCD /* ShopBookingCell.swift */ = {isa = PBXFileReference; fileEncoding = 4; lastKnownFileType = sourcecode.swift; path = ShopBookingCell.swift; sourceTree = "<group>"; };
		0161F1521CC6382900916DBF /* PLASOFTWARE-Bridging-Header.h */ = {isa = PBXFileReference; lastKnownFileType = sourcecode.c.h; path = "PLASOFTWARE-Bridging-Header.h"; sourceTree = "<group>"; };
		0175B55D1CEEF95E008B42DD /* ReservationDetailCell.swift */ = {isa = PBXFileReference; fileEncoding = 4; lastKnownFileType = sourcecode.swift; path = ReservationDetailCell.swift; sourceTree = "<group>"; };
		0175B55F1CEF0E2F008B42DD /* RejectedReservationCell.swift */ = {isa = PBXFileReference; fileEncoding = 4; lastKnownFileType = sourcecode.swift; path = RejectedReservationCell.swift; sourceTree = "<group>"; };
		0195A1731CC7186B00927959 /* PlaNetworking.swift */ = {isa = PBXFileReference; fileEncoding = 4; lastKnownFileType = sourcecode.swift; path = PlaNetworking.swift; sourceTree = "<group>"; };
		0195A1751CC718D700927959 /* RegistViewController.swift */ = {isa = PBXFileReference; fileEncoding = 4; lastKnownFileType = sourcecode.swift; path = RegistViewController.swift; sourceTree = "<group>"; };
		0195A1771CC71AD800927959 /* NetworkDefinition.h */ = {isa = PBXFileReference; lastKnownFileType = sourcecode.c.h; path = NetworkDefinition.h; sourceTree = "<group>"; };
		0195A1781CC71D5800927959 /* Utils.h */ = {isa = PBXFileReference; fileEncoding = 4; lastKnownFileType = sourcecode.c.h; path = Utils.h; sourceTree = "<group>"; };
		0195A1791CC71D5800927959 /* Utils.m */ = {isa = PBXFileReference; fileEncoding = 4; lastKnownFileType = sourcecode.c.objc; path = Utils.m; sourceTree = "<group>"; };
		01BE62D91CE99EAC00BC9155 /* Model.swift */ = {isa = PBXFileReference; fileEncoding = 4; lastKnownFileType = sourcecode.swift; path = Model.swift; sourceTree = "<group>"; };
		01CBB38F1CCA08DF00645700 /* MainTabBarViewController.swift */ = {isa = PBXFileReference; fileEncoding = 4; lastKnownFileType = sourcecode.swift; path = MainTabBarViewController.swift; sourceTree = "<group>"; };
		01CBB3911CCA0B4900645700 /* NewCollectionViewController.swift */ = {isa = PBXFileReference; fileEncoding = 4; lastKnownFileType = sourcecode.swift; path = NewCollectionViewController.swift; sourceTree = "<group>"; };
		01CBB3931CCA131500645700 /* NewReservationCollectionReusableCell.swift */ = {isa = PBXFileReference; fileEncoding = 4; lastKnownFileType = sourcecode.swift; path = NewReservationCollectionReusableCell.swift; sourceTree = "<group>"; };
		01CBB3951CCA1FE600645700 /* NewBranchViewController.swift */ = {isa = PBXFileReference; fileEncoding = 4; lastKnownFileType = sourcecode.swift; path = NewBranchViewController.swift; sourceTree = "<group>"; };
		01CBB3971CCA244A00645700 /* NewReservationReusableCell.swift */ = {isa = PBXFileReference; fileEncoding = 4; lastKnownFileType = sourcecode.swift; path = NewReservationReusableCell.swift; sourceTree = "<group>"; };
		01CBB3991CCA271F00645700 /* BranchDetailTableViewController.swift */ = {isa = PBXFileReference; fileEncoding = 4; lastKnownFileType = sourcecode.swift; path = BranchDetailTableViewController.swift; sourceTree = "<group>"; };
		01FAB1BC1CCDBEC5002E320C /* ReservedDetailTableViewController.swift */ = {isa = PBXFileReference; fileEncoding = 4; lastKnownFileType = sourcecode.swift; path = ReservedDetailTableViewController.swift; sourceTree = "<group>"; };
		01FAB1BE1CCDC3CE002E320C /* RefusedDetailTableViewController.swift */ = {isa = PBXFileReference; fileEncoding = 4; lastKnownFileType = sourcecode.swift; path = RefusedDetailTableViewController.swift; sourceTree = "<group>"; };
		049DDCA5DB50AD3DD3ACD6D8 /* Pods-PLASOFTWAREUITests.release.xcconfig */ = {isa = PBXFileReference; includeInIndex = 1; lastKnownFileType = text.xcconfig; name = "Pods-PLASOFTWAREUITests.release.xcconfig"; path = "Pods/Target Support Files/Pods-PLASOFTWAREUITests/Pods-PLASOFTWAREUITests.release.xcconfig"; sourceTree = "<group>"; };
		2C5F8CF0A72714B65FCD7F48 /* Pods-PLASOFTWARETests.debug.xcconfig */ = {isa = PBXFileReference; includeInIndex = 1; lastKnownFileType = text.xcconfig; name = "Pods-PLASOFTWARETests.debug.xcconfig"; path = "Pods/Target Support Files/Pods-PLASOFTWARETests/Pods-PLASOFTWARETests.debug.xcconfig"; sourceTree = "<group>"; };
		38363EFD067F230915B7620D /* Pods-PLASOFTWARE.debug.xcconfig */ = {isa = PBXFileReference; includeInIndex = 1; lastKnownFileType = text.xcconfig; name = "Pods-PLASOFTWARE.debug.xcconfig"; path = "Pods/Target Support Files/Pods-PLASOFTWARE/Pods-PLASOFTWARE.debug.xcconfig"; sourceTree = "<group>"; };
		53A21F5207BAA2F5FE396A7D /* Pods-PLASOFTWAREUITests.debug.xcconfig */ = {isa = PBXFileReference; includeInIndex = 1; lastKnownFileType = text.xcconfig; name = "Pods-PLASOFTWAREUITests.debug.xcconfig"; path = "Pods/Target Support Files/Pods-PLASOFTWAREUITests/Pods-PLASOFTWAREUITests.debug.xcconfig"; sourceTree = "<group>"; };
		8A4EB0AC1C9F86CE0000EA47 /* PLASOFTWARE.app */ = {isa = PBXFileReference; explicitFileType = wrapper.application; includeInIndex = 0; path = PLASOFTWARE.app; sourceTree = BUILT_PRODUCTS_DIR; };
		8A4EB0AF1C9F86CE0000EA47 /* AppDelegate.swift */ = {isa = PBXFileReference; lastKnownFileType = sourcecode.swift; path = AppDelegate.swift; sourceTree = "<group>"; };
		8A4EB0B41C9F86CE0000EA47 /* Base */ = {isa = PBXFileReference; lastKnownFileType = file.storyboard; name = Base; path = Base.lproj/Main.storyboard; sourceTree = "<group>"; };
		8A4EB0B61C9F86CE0000EA47 /* Images.xcassets */ = {isa = PBXFileReference; lastKnownFileType = folder.assetcatalog; path = Images.xcassets; sourceTree = "<group>"; };
		8A4EB0B91C9F86CE0000EA47 /* Base */ = {isa = PBXFileReference; lastKnownFileType = file.storyboard; name = Base; path = Base.lproj/LaunchScreen.storyboard; sourceTree = "<group>"; };
		8A4EB0BB1C9F86CE0000EA47 /* Info.plist */ = {isa = PBXFileReference; lastKnownFileType = text.plist.xml; path = Info.plist; sourceTree = "<group>"; };
		8A4EB0C01C9F86CE0000EA47 /* PLASOFTWARETests.xctest */ = {isa = PBXFileReference; explicitFileType = wrapper.cfbundle; includeInIndex = 0; path = PLASOFTWARETests.xctest; sourceTree = BUILT_PRODUCTS_DIR; };
		8A4EB0C41C9F86CE0000EA47 /* PLASOFTWARETests.swift */ = {isa = PBXFileReference; lastKnownFileType = sourcecode.swift; path = PLASOFTWARETests.swift; sourceTree = "<group>"; };
		8A4EB0C61C9F86CE0000EA47 /* Info.plist */ = {isa = PBXFileReference; lastKnownFileType = text.plist.xml; path = Info.plist; sourceTree = "<group>"; };
		8A4EB0CB1C9F86CE0000EA47 /* PLASOFTWAREUITests.xctest */ = {isa = PBXFileReference; explicitFileType = wrapper.cfbundle; includeInIndex = 0; path = PLASOFTWAREUITests.xctest; sourceTree = BUILT_PRODUCTS_DIR; };
		8A4EB0CF1C9F86CE0000EA47 /* PLASOFTWAREUITests.swift */ = {isa = PBXFileReference; lastKnownFileType = sourcecode.swift; path = PLASOFTWAREUITests.swift; sourceTree = "<group>"; };
		8A4EB0D11C9F86CE0000EA47 /* Info.plist */ = {isa = PBXFileReference; lastKnownFileType = text.plist.xml; path = Info.plist; sourceTree = "<group>"; };
		8A4EB0E01C9F873A0000EA47 /* Extensions.swift */ = {isa = PBXFileReference; fileEncoding = 4; lastKnownFileType = sourcecode.swift; path = Extensions.swift; sourceTree = "<group>"; };
		AFFFC38B9AA92D42E2205B8E /* Pods_PLASOFTWAREUITests.framework */ = {isa = PBXFileReference; explicitFileType = wrapper.framework; includeInIndex = 0; path = Pods_PLASOFTWAREUITests.framework; sourceTree = BUILT_PRODUCTS_DIR; };
		B0BEE7CB8165A05325D8A207 /* Pods_PLASOFTWARETests.framework */ = {isa = PBXFileReference; explicitFileType = wrapper.framework; includeInIndex = 0; path = Pods_PLASOFTWARETests.framework; sourceTree = BUILT_PRODUCTS_DIR; };
		B729EB2FA9BFC9EC5A6B4509 /* Pods-PLASOFTWARETests.release.xcconfig */ = {isa = PBXFileReference; includeInIndex = 1; lastKnownFileType = text.xcconfig; name = "Pods-PLASOFTWARETests.release.xcconfig"; path = "Pods/Target Support Files/Pods-PLASOFTWARETests/Pods-PLASOFTWARETests.release.xcconfig"; sourceTree = "<group>"; };
		E0B290586D3DCB67DE2178CF /* Pods-PLASOFTWARE.release.xcconfig */ = {isa = PBXFileReference; includeInIndex = 1; lastKnownFileType = text.xcconfig; name = "Pods-PLASOFTWARE.release.xcconfig"; path = "Pods/Target Support Files/Pods-PLASOFTWARE/Pods-PLASOFTWARE.release.xcconfig"; sourceTree = "<group>"; };
		F234371B9124655EF6303652 /* Pods_PLASOFTWARE.framework */ = {isa = PBXFileReference; explicitFileType = wrapper.framework; includeInIndex = 0; path = Pods_PLASOFTWARE.framework; sourceTree = BUILT_PRODUCTS_DIR; };
/* End PBXFileReference section */

/* Begin PBXFrameworksBuildPhase section */
		8A4EB0A91C9F86CD0000EA47 /* Frameworks */ = {
			isa = PBXFrameworksBuildPhase;
			buildActionMask = 2147483647;
			files = (
				9B1E2FFAA5BD11EC2FABE523 /* Pods_PLASOFTWARE.framework in Frameworks */,
			);
			runOnlyForDeploymentPostprocessing = 0;
		};
		8A4EB0BD1C9F86CE0000EA47 /* Frameworks */ = {
			isa = PBXFrameworksBuildPhase;
			buildActionMask = 2147483647;
			files = (
				F0ACAC86001BD37875073162 /* Pods_PLASOFTWARETests.framework in Frameworks */,
			);
			runOnlyForDeploymentPostprocessing = 0;
		};
		8A4EB0C81C9F86CE0000EA47 /* Frameworks */ = {
			isa = PBXFrameworksBuildPhase;
			buildActionMask = 2147483647;
			files = (
				A5B6D2E27547BAB2CF96AF47 /* Pods_PLASOFTWAREUITests.framework in Frameworks */,
			);
			runOnlyForDeploymentPostprocessing = 0;
		};
/* End PBXFrameworksBuildPhase section */

/* Begin PBXGroup section */
		016080FA1CA3840400514BCD /* Model */ = {
			isa = PBXGroup;
			children = (
				01BE62D91CE99EAC00BC9155 /* Model.swift */,
			);
			path = Model;
			sourceTree = "<group>";
		};
		016080FB1CA3840400514BCD /* View */ = {
			isa = PBXGroup;
			children = (
				016080FC1CA3840400514BCD /* Activities */,
				016080FE1CA3840400514BCD /* Reservation */,
				016081011CA3840400514BCD /* Shop */,
			);
			path = View;
			sourceTree = "<group>";
		};
		016080FC1CA3840400514BCD /* Activities */ = {
			isa = PBXGroup;
			children = (
				016080FD1CA3840400514BCD /* ActivityCell.swift */,
			);
			path = Activities;
			sourceTree = "<group>";
		};
		016080FE1CA3840400514BCD /* Reservation */ = {
			isa = PBXGroup;
			children = (
				016080FF1CA3840400514BCD /* ConfirmingReservationCell.swift */,
				016081001CA3840400514BCD /* ReservationCellView.swift */,
				01CBB3931CCA131500645700 /* NewReservationCollectionReusableCell.swift */,
				01CBB3971CCA244A00645700 /* NewReservationReusableCell.swift */,
				015D3D761CEEADA500F38921 /* BranchDetailReusableCell.swift */,
				0175B55D1CEEF95E008B42DD /* ReservationDetailCell.swift */,
				0175B55F1CEF0E2F008B42DD /* RejectedReservationCell.swift */,
			);
			path = Reservation;
			sourceTree = "<group>";
		};
		016081011CA3840400514BCD /* Shop */ = {
			isa = PBXGroup;
			children = (
				016081021CA3840400514BCD /* ShopProductCell.swift */,
				016081341CA53E4A00514BCD /* ShopBookingCell.swift */,
			);
			path = Shop;
			sourceTree = "<group>";
		};
		016081031CA3840400514BCD /* ViewController */ = {
			isa = PBXGroup;
			children = (
				016081041CA3840400514BCD /* Activities */,
				016081071CA3840400514BCD /* Login */,
				016081091CA3840400514BCD /* Main */,
				0160810B1CA3840400514BCD /* Reservation */,
				016081121CA3840400514BCD /* Schedule */,
				016081141CA3840400514BCD /* Shop */,
			);
			path = ViewController;
			sourceTree = "<group>";
		};
		016081041CA3840400514BCD /* Activities */ = {
			isa = PBXGroup;
			children = (
				016081051CA3840400514BCD /* ActivitiesViewController.swift */,
				016081061CA3840400514BCD /* ActivityDetailViewController.swift */,
			);
			path = Activities;
			sourceTree = "<group>";
		};
		016081071CA3840400514BCD /* Login */ = {
			isa = PBXGroup;
			children = (
				016081081CA3840400514BCD /* SignInViewController.swift */,
				0195A1751CC718D700927959 /* RegistViewController.swift */,
			);
			path = Login;
			sourceTree = "<group>";
		};
		016081091CA3840400514BCD /* Main */ = {
			isa = PBXGroup;
			children = (
				0160810A1CA3840400514BCD /* MainViewController.swift */,
				01CBB38F1CCA08DF00645700 /* MainTabBarViewController.swift */,
			);
			path = Main;
			sourceTree = "<group>";
		};
		0160810B1CA3840400514BCD /* Reservation */ = {
			isa = PBXGroup;
			children = (
				019C1B851CE9CE7200B15FF7 /* latest */,
				0160810E1CA3840400514BCD /* NewReservationViewController.swift */,
				016081101CA3840400514BCD /* ReservationViewController.swift */,
			);
			path = Reservation;
			sourceTree = "<group>";
		};
		016081121CA3840400514BCD /* Schedule */ = {
			isa = PBXGroup;
			children = (
				016081131CA3840400514BCD /* ScheduleViewController.swift */,
			);
			path = Schedule;
			sourceTree = "<group>";
		};
		016081141CA3840400514BCD /* Shop */ = {
			isa = PBXGroup;
			children = (
				016081151CA3840400514BCD /* ProductInfoViewController.swift */,
				016081161CA3840400514BCD /* ShopPopoverMenu.swift */,
				016081171CA3840400514BCD /* ShopsViewController.swift */,
				016081321CA5395A00514BCD /* ShopBookingTableViewController.swift */,
			);
			path = Shop;
			sourceTree = "<group>";
		};
		0195A1721CC7183D00927959 /* Services */ = {
			isa = PBXGroup;
			children = (
				0195A1771CC71AD800927959 /* NetworkDefinition.h */,
				0195A1731CC7186B00927959 /* PlaNetworking.swift */,
			);
			name = Services;
			sourceTree = "<group>";
		};
		019C1B851CE9CE7200B15FF7 /* latest */ = {
			isa = PBXGroup;
			children = (
				019C1B891CE9CF2E00B15FF7 /* Refused */,
				019C1B881CE9CF2800B15FF7 /* Reserved */,
				019C1B871CE9CF1500B15FF7 /* ToBeConfirmed */,
				019C1B861CE9CF0C00B15FF7 /* New */,
			);
			name = latest;
			sourceTree = "<group>";
		};
		019C1B861CE9CF0C00B15FF7 /* New */ = {
			isa = PBXGroup;
			children = (
				01CBB3911CCA0B4900645700 /* NewCollectionViewController.swift */,
				01CBB3951CCA1FE600645700 /* NewBranchViewController.swift */,
				01CBB3991CCA271F00645700 /* BranchDetailTableViewController.swift */,
				014F05161CF2A19600107971 /* CityPopoverMenu.swift */,
			);
			name = New;
			sourceTree = "<group>";
		};
		019C1B871CE9CF1500B15FF7 /* ToBeConfirmed */ = {
			isa = PBXGroup;
			children = (
				0160810D1CA3840400514BCD /* ConfirmingReservationViewController.swift */,
				0160810F1CA3840400514BCD /* ReservationDetailViewController.swift */,
				0160810C1CA3840400514BCD /* CancelReservationViewController.swift */,
			);
			name = ToBeConfirmed;
			sourceTree = "<group>";
		};
		019C1B881CE9CF2800B15FF7 /* Reserved */ = {
			isa = PBXGroup;
			children = (
				01FAB1BC1CCDBEC5002E320C /* ReservedDetailTableViewController.swift */,
				016081111CA3840400514BCD /* ReservedViewController.swift */,
			);
			name = Reserved;
			sourceTree = "<group>";
		};
		019C1B891CE9CF2E00B15FF7 /* Refused */ = {
			isa = PBXGroup;
			children = (
				01FAB1BE1CCDC3CE002E320C /* RefusedDetailTableViewController.swift */,
				0112094E1CC9FC8800E589DA /* RefusedViewController.swift */,
			);
			name = Refused;
			sourceTree = "<group>";
		};
		1AD8594EF0E8C447F11554DF /* Pods */ = {
			isa = PBXGroup;
			children = (
				38363EFD067F230915B7620D /* Pods-PLASOFTWARE.debug.xcconfig */,
				E0B290586D3DCB67DE2178CF /* Pods-PLASOFTWARE.release.xcconfig */,
				2C5F8CF0A72714B65FCD7F48 /* Pods-PLASOFTWARETests.debug.xcconfig */,
				B729EB2FA9BFC9EC5A6B4509 /* Pods-PLASOFTWARETests.release.xcconfig */,
				53A21F5207BAA2F5FE396A7D /* Pods-PLASOFTWAREUITests.debug.xcconfig */,
				049DDCA5DB50AD3DD3ACD6D8 /* Pods-PLASOFTWAREUITests.release.xcconfig */,
			);
			name = Pods;
			sourceTree = "<group>";
		};
		7621BD6944E71303D8AE9F55 /* Frameworks */ = {
			isa = PBXGroup;
			children = (
				F234371B9124655EF6303652 /* Pods_PLASOFTWARE.framework */,
				B0BEE7CB8165A05325D8A207 /* Pods_PLASOFTWARETests.framework */,
				AFFFC38B9AA92D42E2205B8E /* Pods_PLASOFTWAREUITests.framework */,
			);
			name = Frameworks;
			sourceTree = "<group>";
		};
		8A4EB0A31C9F86CD0000EA47 = {
			isa = PBXGroup;
			children = (
				8A4EB0AE1C9F86CE0000EA47 /* PLASOFTWARE */,
				8A4EB0C31C9F86CE0000EA47 /* PLASOFTWARETests */,
				8A4EB0CE1C9F86CE0000EA47 /* PLASOFTWAREUITests */,
				8A4EB0AD1C9F86CE0000EA47 /* Products */,
				1AD8594EF0E8C447F11554DF /* Pods */,
				7621BD6944E71303D8AE9F55 /* Frameworks */,
			);
			sourceTree = "<group>";
		};
		8A4EB0AD1C9F86CE0000EA47 /* Products */ = {
			isa = PBXGroup;
			children = (
				8A4EB0AC1C9F86CE0000EA47 /* PLASOFTWARE.app */,
				8A4EB0C01C9F86CE0000EA47 /* PLASOFTWARETests.xctest */,
				8A4EB0CB1C9F86CE0000EA47 /* PLASOFTWAREUITests.xctest */,
			);
			name = Products;
			sourceTree = "<group>";
		};
		8A4EB0AE1C9F86CE0000EA47 /* PLASOFTWARE */ = {
			isa = PBXGroup;
			children = (
				0195A1781CC71D5800927959 /* Utils.h */,
				0195A1791CC71D5800927959 /* Utils.m */,
				0195A1721CC7183D00927959 /* Services */,
				016080FA1CA3840400514BCD /* Model */,
				016080FB1CA3840400514BCD /* View */,
				016081031CA3840400514BCD /* ViewController */,
				8A4EB0E01C9F873A0000EA47 /* Extensions.swift */,
				8A4EB0AF1C9F86CE0000EA47 /* AppDelegate.swift */,
				8A4EB0B31C9F86CE0000EA47 /* Main.storyboard */,
				012EE23E1CAE76060049BF5F /* Localizable.strings */,
				8A4EB0B61C9F86CE0000EA47 /* Images.xcassets */,
				8A4EB0B81C9F86CE0000EA47 /* LaunchScreen.storyboard */,
				8A4EB0BB1C9F86CE0000EA47 /* Info.plist */,
				0161F1521CC6382900916DBF /* PLASOFTWARE-Bridging-Header.h */,
			);
			path = PLASOFTWARE;
			sourceTree = "<group>";
		};
		8A4EB0C31C9F86CE0000EA47 /* PLASOFTWARETests */ = {
			isa = PBXGroup;
			children = (
				8A4EB0C41C9F86CE0000EA47 /* PLASOFTWARETests.swift */,
				8A4EB0C61C9F86CE0000EA47 /* Info.plist */,
			);
			path = PLASOFTWARETests;
			sourceTree = "<group>";
		};
		8A4EB0CE1C9F86CE0000EA47 /* PLASOFTWAREUITests */ = {
			isa = PBXGroup;
			children = (
				8A4EB0CF1C9F86CE0000EA47 /* PLASOFTWAREUITests.swift */,
				8A4EB0D11C9F86CE0000EA47 /* Info.plist */,
			);
			path = PLASOFTWAREUITests;
			sourceTree = "<group>";
		};
/* End PBXGroup section */

/* Begin PBXNativeTarget section */
		8A4EB0AB1C9F86CD0000EA47 /* PLASOFTWARE */ = {
			isa = PBXNativeTarget;
			buildConfigurationList = 8A4EB0D41C9F86CE0000EA47 /* Build configuration list for PBXNativeTarget "PLASOFTWARE" */;
			buildPhases = (
				DCF1FF9927395DA6B19C7816 /* 📦 Check Pods Manifest.lock */,
				8A4EB0A81C9F86CD0000EA47 /* Sources */,
				8A4EB0A91C9F86CD0000EA47 /* Frameworks */,
				8A4EB0AA1C9F86CD0000EA47 /* Resources */,
				0E15DBA8F90D0F41EA105056 /* 📦 Embed Pods Frameworks */,
				DF5C29A7E0ECC6D2B14EC91D /* 📦 Copy Pods Resources */,
			);
			buildRules = (
			);
			dependencies = (
			);
			name = PLASOFTWARE;
			productName = PLASOFTWARE;
			productReference = 8A4EB0AC1C9F86CE0000EA47 /* PLASOFTWARE.app */;
			productType = "com.apple.product-type.application";
		};
		8A4EB0BF1C9F86CE0000EA47 /* PLASOFTWARETests */ = {
			isa = PBXNativeTarget;
			buildConfigurationList = 8A4EB0D71C9F86CE0000EA47 /* Build configuration list for PBXNativeTarget "PLASOFTWARETests" */;
			buildPhases = (
				DE4B8ABF89BFAF8A7B097146 /* 📦 Check Pods Manifest.lock */,
				8A4EB0BC1C9F86CE0000EA47 /* Sources */,
				8A4EB0BD1C9F86CE0000EA47 /* Frameworks */,
				8A4EB0BE1C9F86CE0000EA47 /* Resources */,
				97A215EF8EE1B4D5C528EA0A /* 📦 Embed Pods Frameworks */,
				122B72308E1CFCF340953501 /* 📦 Copy Pods Resources */,
			);
			buildRules = (
			);
			dependencies = (
				8A4EB0C21C9F86CE0000EA47 /* PBXTargetDependency */,
			);
			name = PLASOFTWARETests;
			productName = PLASOFTWARETests;
			productReference = 8A4EB0C01C9F86CE0000EA47 /* PLASOFTWARETests.xctest */;
			productType = "com.apple.product-type.bundle.unit-test";
		};
		8A4EB0CA1C9F86CE0000EA47 /* PLASOFTWAREUITests */ = {
			isa = PBXNativeTarget;
			buildConfigurationList = 8A4EB0DA1C9F86CE0000EA47 /* Build configuration list for PBXNativeTarget "PLASOFTWAREUITests" */;
			buildPhases = (
				5D050D016EC95ED7025B8C63 /* 📦 Check Pods Manifest.lock */,
				8A4EB0C71C9F86CE0000EA47 /* Sources */,
				8A4EB0C81C9F86CE0000EA47 /* Frameworks */,
				8A4EB0C91C9F86CE0000EA47 /* Resources */,
				557FEE626CC3F444013E3665 /* 📦 Copy Pods Resources */,
			);
			buildRules = (
			);
			dependencies = (
				8A4EB0CD1C9F86CE0000EA47 /* PBXTargetDependency */,
			);
			name = PLASOFTWAREUITests;
			productName = PLASOFTWAREUITests;
			productReference = 8A4EB0CB1C9F86CE0000EA47 /* PLASOFTWAREUITests.xctest */;
			productType = "com.apple.product-type.bundle.ui-testing";
		};
/* End PBXNativeTarget section */

/* Begin PBXProject section */
		8A4EB0A41C9F86CD0000EA47 /* Project object */ = {
			isa = PBXProject;
			attributes = {
				LastSwiftUpdateCheck = 0720;
				LastUpgradeCheck = 0720;
				ORGANIZATIONNAME = Young;
				TargetAttributes = {
					8A4EB0AB1C9F86CD0000EA47 = {
						CreatedOnToolsVersion = 7.2.1;
					};
					8A4EB0BF1C9F86CE0000EA47 = {
						CreatedOnToolsVersion = 7.2.1;
						TestTargetID = 8A4EB0AB1C9F86CD0000EA47;
					};
					8A4EB0CA1C9F86CE0000EA47 = {
						CreatedOnToolsVersion = 7.2.1;
						TestTargetID = 8A4EB0AB1C9F86CD0000EA47;
					};
				};
			};
			buildConfigurationList = 8A4EB0A71C9F86CD0000EA47 /* Build configuration list for PBXProject "PLASOFTWARE" */;
			compatibilityVersion = "Xcode 3.2";
			developmentRegion = English;
			hasScannedForEncodings = 0;
			knownRegions = (
				en,
				Base,
				"zh-Hans",
				vi,
			);
			mainGroup = 8A4EB0A31C9F86CD0000EA47;
			productRefGroup = 8A4EB0AD1C9F86CE0000EA47 /* Products */;
			projectDirPath = "";
			projectRoot = "";
			targets = (
				8A4EB0AB1C9F86CD0000EA47 /* PLASOFTWARE */,
				8A4EB0BF1C9F86CE0000EA47 /* PLASOFTWARETests */,
				8A4EB0CA1C9F86CE0000EA47 /* PLASOFTWAREUITests */,
			);
		};
/* End PBXProject section */

/* Begin PBXResourcesBuildPhase section */
		8A4EB0AA1C9F86CD0000EA47 /* Resources */ = {
			isa = PBXResourcesBuildPhase;
			buildActionMask = 2147483647;
			files = (
				8A4EB0BA1C9F86CE0000EA47 /* LaunchScreen.storyboard in Resources */,
				012EE23C1CAE76060049BF5F /* Localizable.strings in Resources */,
				8A4EB0B71C9F86CE0000EA47 /* Images.xcassets in Resources */,
				8A4EB0B51C9F86CE0000EA47 /* Main.storyboard in Resources */,
			);
			runOnlyForDeploymentPostprocessing = 0;
		};
		8A4EB0BE1C9F86CE0000EA47 /* Resources */ = {
			isa = PBXResourcesBuildPhase;
			buildActionMask = 2147483647;
			files = (
			);
			runOnlyForDeploymentPostprocessing = 0;
		};
		8A4EB0C91C9F86CE0000EA47 /* Resources */ = {
			isa = PBXResourcesBuildPhase;
			buildActionMask = 2147483647;
			files = (
			);
			runOnlyForDeploymentPostprocessing = 0;
		};
/* End PBXResourcesBuildPhase section */

/* Begin PBXShellScriptBuildPhase section */
		0E15DBA8F90D0F41EA105056 /* 📦 Embed Pods Frameworks */ = {
			isa = PBXShellScriptBuildPhase;
			buildActionMask = 2147483647;
			files = (
			);
			inputPaths = (
			);
			name = "📦 Embed Pods Frameworks";
			outputPaths = (
			);
			runOnlyForDeploymentPostprocessing = 0;
			shellPath = /bin/sh;
			shellScript = "\"${SRCROOT}/Pods/Target Support Files/Pods-PLASOFTWARE/Pods-PLASOFTWARE-frameworks.sh\"\n";
			showEnvVarsInLog = 0;
		};
		122B72308E1CFCF340953501 /* 📦 Copy Pods Resources */ = {
			isa = PBXShellScriptBuildPhase;
			buildActionMask = 2147483647;
			files = (
			);
			inputPaths = (
			);
			name = "📦 Copy Pods Resources";
			outputPaths = (
			);
			runOnlyForDeploymentPostprocessing = 0;
			shellPath = /bin/sh;
			shellScript = "\"${SRCROOT}/Pods/Target Support Files/Pods-PLASOFTWARETests/Pods-PLASOFTWARETests-resources.sh\"\n";
			showEnvVarsInLog = 0;
		};
		557FEE626CC3F444013E3665 /* 📦 Copy Pods Resources */ = {
			isa = PBXShellScriptBuildPhase;
			buildActionMask = 2147483647;
			files = (
			);
			inputPaths = (
			);
			name = "📦 Copy Pods Resources";
			outputPaths = (
			);
			runOnlyForDeploymentPostprocessing = 0;
			shellPath = /bin/sh;
			shellScript = "\"${SRCROOT}/Pods/Target Support Files/Pods-PLASOFTWAREUITests/Pods-PLASOFTWAREUITests-resources.sh\"\n";
			showEnvVarsInLog = 0;
		};
		5D050D016EC95ED7025B8C63 /* 📦 Check Pods Manifest.lock */ = {
			isa = PBXShellScriptBuildPhase;
			buildActionMask = 2147483647;
			files = (
			);
			inputPaths = (
			);
			name = "📦 Check Pods Manifest.lock";
			outputPaths = (
			);
			runOnlyForDeploymentPostprocessing = 0;
			shellPath = /bin/sh;
			shellScript = "diff \"${PODS_ROOT}/../Podfile.lock\" \"${PODS_ROOT}/Manifest.lock\" > /dev/null\nif [[ $? != 0 ]] ; then\n    cat << EOM\nerror: The sandbox is not in sync with the Podfile.lock. Run 'pod install' or update your CocoaPods installation.\nEOM\n    exit 1\nfi\n";
			showEnvVarsInLog = 0;
		};
		97A215EF8EE1B4D5C528EA0A /* 📦 Embed Pods Frameworks */ = {
			isa = PBXShellScriptBuildPhase;
			buildActionMask = 2147483647;
			files = (
			);
			inputPaths = (
			);
			name = "📦 Embed Pods Frameworks";
			outputPaths = (
			);
			runOnlyForDeploymentPostprocessing = 0;
			shellPath = /bin/sh;
			shellScript = "\"${SRCROOT}/Pods/Target Support Files/Pods-PLASOFTWARETests/Pods-PLASOFTWARETests-frameworks.sh\"\n";
			showEnvVarsInLog = 0;
		};
		DCF1FF9927395DA6B19C7816 /* 📦 Check Pods Manifest.lock */ = {
			isa = PBXShellScriptBuildPhase;
			buildActionMask = 2147483647;
			files = (
			);
			inputPaths = (
			);
			name = "📦 Check Pods Manifest.lock";
			outputPaths = (
			);
			runOnlyForDeploymentPostprocessing = 0;
			shellPath = /bin/sh;
			shellScript = "diff \"${PODS_ROOT}/../Podfile.lock\" \"${PODS_ROOT}/Manifest.lock\" > /dev/null\nif [[ $? != 0 ]] ; then\n    cat << EOM\nerror: The sandbox is not in sync with the Podfile.lock. Run 'pod install' or update your CocoaPods installation.\nEOM\n    exit 1\nfi\n";
			showEnvVarsInLog = 0;
		};
		DE4B8ABF89BFAF8A7B097146 /* 📦 Check Pods Manifest.lock */ = {
			isa = PBXShellScriptBuildPhase;
			buildActionMask = 2147483647;
			files = (
			);
			inputPaths = (
			);
			name = "📦 Check Pods Manifest.lock";
			outputPaths = (
			);
			runOnlyForDeploymentPostprocessing = 0;
			shellPath = /bin/sh;
			shellScript = "diff \"${PODS_ROOT}/../Podfile.lock\" \"${PODS_ROOT}/Manifest.lock\" > /dev/null\nif [[ $? != 0 ]] ; then\n    cat << EOM\nerror: The sandbox is not in sync with the Podfile.lock. Run 'pod install' or update your CocoaPods installation.\nEOM\n    exit 1\nfi\n";
			showEnvVarsInLog = 0;
		};
		DF5C29A7E0ECC6D2B14EC91D /* 📦 Copy Pods Resources */ = {
			isa = PBXShellScriptBuildPhase;
			buildActionMask = 2147483647;
			files = (
			);
			inputPaths = (
			);
			name = "📦 Copy Pods Resources";
			outputPaths = (
			);
			runOnlyForDeploymentPostprocessing = 0;
			shellPath = /bin/sh;
			shellScript = "\"${SRCROOT}/Pods/Target Support Files/Pods-PLASOFTWARE/Pods-PLASOFTWARE-resources.sh\"\n";
			showEnvVarsInLog = 0;
		};
/* End PBXShellScriptBuildPhase section */

/* Begin PBXSourcesBuildPhase section */
		8A4EB0A81C9F86CD0000EA47 /* Sources */ = {
			isa = PBXSourcesBuildPhase;
			buildActionMask = 2147483647;
			files = (
				016081271CA3840400514BCD /* ProductInfoViewController.swift in Sources */,
				0112094F1CC9FC8800E589DA /* RefusedViewController.swift in Sources */,
				0175B5601CEF0E2F008B42DD /* RejectedReservationCell.swift in Sources */,
				016081191CA3840400514BCD /* ConfirmingReservationCell.swift in Sources */,
				01CBB3901CCA08DF00645700 /* MainTabBarViewController.swift in Sources */,
				0195A1761CC718D700927959 /* RegistViewController.swift in Sources */,
				0160811B1CA3840400514BCD /* ShopProductCell.swift in Sources */,
				01CBB3941CCA131500645700 /* NewReservationCollectionReusableCell.swift in Sources */,
				016081261CA3840400514BCD /* ScheduleViewController.swift in Sources */,
				01CBB39A1CCA271F00645700 /* BranchDetailTableViewController.swift in Sources */,
				8A4EB0E11C9F873A0000EA47 /* Extensions.swift in Sources */,
				01BE62DA1CE99EAC00BC9155 /* Model.swift in Sources */,
				0160811C1CA3840400514BCD /* ActivitiesViewController.swift in Sources */,
				0160811D1CA3840400514BCD /* ActivityDetailViewController.swift in Sources */,
				016081241CA3840400514BCD /* ReservationViewController.swift in Sources */,
				016081291CA3840400514BCD /* ShopsViewController.swift in Sources */,
				014F05171CF2A19600107971 /* CityPopoverMenu.swift in Sources */,
				016081251CA3840400514BCD /* ReservedViewController.swift in Sources */,
				0160811E1CA3840400514BCD /* SignInViewController.swift in Sources */,
				015D3D771CEEADA500F38921 /* BranchDetailReusableCell.swift in Sources */,
				01CBB3961CCA1FE700645700 /* NewBranchViewController.swift in Sources */,
				016081331CA5395A00514BCD /* ShopBookingTableViewController.swift in Sources */,
				01CBB3921CCA0B4900645700 /* NewCollectionViewController.swift in Sources */,
				0195A17A1CC71D5800927959 /* Utils.m in Sources */,
				016081201CA3840400514BCD /* CancelReservationViewController.swift in Sources */,
				016081181CA3840400514BCD /* ActivityCell.swift in Sources */,
				01CBB3981CCA244A00645700 /* NewReservationReusableCell.swift in Sources */,
				0195A1741CC7186B00927959 /* PlaNetworking.swift in Sources */,
				016081221CA3840400514BCD /* NewReservationViewController.swift in Sources */,
				0160811A1CA3840400514BCD /* ReservationCellView.swift in Sources */,
				016081231CA3840400514BCD /* ReservationDetailViewController.swift in Sources */,
				01FAB1BF1CCDC3CE002E320C /* RefusedDetailTableViewController.swift in Sources */,
				016081211CA3840400514BCD /* ConfirmingReservationViewController.swift in Sources */,
				8A4EB0B01C9F86CE0000EA47 /* AppDelegate.swift in Sources */,
				0175B55E1CEEF95E008B42DD /* ReservationDetailCell.swift in Sources */,
				01FAB1BD1CCDBEC5002E320C /* ReservedDetailTableViewController.swift in Sources */,
				016081351CA53E4A00514BCD /* ShopBookingCell.swift in Sources */,
				0160811F1CA3840400514BCD /* MainViewController.swift in Sources */,
				016081281CA3840400514BCD /* ShopPopoverMenu.swift in Sources */,
			);
			runOnlyForDeploymentPostprocessing = 0;
		};
		8A4EB0BC1C9F86CE0000EA47 /* Sources */ = {
			isa = PBXSourcesBuildPhase;
			buildActionMask = 2147483647;
			files = (
				8A4EB0C51C9F86CE0000EA47 /* PLASOFTWARETests.swift in Sources */,
			);
			runOnlyForDeploymentPostprocessing = 0;
		};
		8A4EB0C71C9F86CE0000EA47 /* Sources */ = {
			isa = PBXSourcesBuildPhase;
			buildActionMask = 2147483647;
			files = (
				8A4EB0D01C9F86CE0000EA47 /* PLASOFTWAREUITests.swift in Sources */,
			);
			runOnlyForDeploymentPostprocessing = 0;
		};
/* End PBXSourcesBuildPhase section */

/* Begin PBXTargetDependency section */
		8A4EB0C21C9F86CE0000EA47 /* PBXTargetDependency */ = {
			isa = PBXTargetDependency;
			target = 8A4EB0AB1C9F86CD0000EA47 /* PLASOFTWARE */;
			targetProxy = 8A4EB0C11C9F86CE0000EA47 /* PBXContainerItemProxy */;
		};
		8A4EB0CD1C9F86CE0000EA47 /* PBXTargetDependency */ = {
			isa = PBXTargetDependency;
			target = 8A4EB0AB1C9F86CD0000EA47 /* PLASOFTWARE */;
			targetProxy = 8A4EB0CC1C9F86CE0000EA47 /* PBXContainerItemProxy */;
		};
/* End PBXTargetDependency section */

/* Begin PBXVariantGroup section */
		012EE23E1CAE76060049BF5F /* Localizable.strings */ = {
			isa = PBXVariantGroup;
			children = (
				012EE2411CAE768F0049BF5F /* zh-Hans */,
				012EE2461CAE7A3A0049BF5F /* en */,
				012EE2491CAE7A7A0049BF5F /* vi */,
			);
			name = Localizable.strings;
			sourceTree = "<group>";
		};
		8A4EB0B31C9F86CE0000EA47 /* Main.storyboard */ = {
			isa = PBXVariantGroup;
			children = (
				8A4EB0B41C9F86CE0000EA47 /* Base */,
				012EE23F1CAE768F0049BF5F /* zh-Hans */,
				012EE2471CAE7A7A0049BF5F /* vi */,
			);
			name = Main.storyboard;
			sourceTree = "<group>";
		};
		8A4EB0B81C9F86CE0000EA47 /* LaunchScreen.storyboard */ = {
			isa = PBXVariantGroup;
			children = (
				8A4EB0B91C9F86CE0000EA47 /* Base */,
				012EE2401CAE768F0049BF5F /* zh-Hans */,
				012EE2481CAE7A7A0049BF5F /* vi */,
			);
			name = LaunchScreen.storyboard;
			sourceTree = "<group>";
		};
/* End PBXVariantGroup section */

/* Begin XCBuildConfiguration section */
		8A4EB0D21C9F86CE0000EA47 /* Debug */ = {
			isa = XCBuildConfiguration;
			buildSettings = {
				ALWAYS_SEARCH_USER_PATHS = NO;
				CLANG_CXX_LANGUAGE_STANDARD = "gnu++0x";
				CLANG_CXX_LIBRARY = "libc++";
				CLANG_ENABLE_MODULES = YES;
				CLANG_ENABLE_OBJC_ARC = YES;
				CLANG_WARN_BOOL_CONVERSION = YES;
				CLANG_WARN_CONSTANT_CONVERSION = YES;
				CLANG_WARN_DIRECT_OBJC_ISA_USAGE = YES_ERROR;
				CLANG_WARN_EMPTY_BODY = YES;
				CLANG_WARN_ENUM_CONVERSION = YES;
				CLANG_WARN_INT_CONVERSION = YES;
				CLANG_WARN_OBJC_ROOT_CLASS = YES_ERROR;
				CLANG_WARN_UNREACHABLE_CODE = YES;
				CLANG_WARN__DUPLICATE_METHOD_MATCH = YES;
				"CODE_SIGN_IDENTITY[sdk=iphoneos*]" = "iPhone Developer";
				COPY_PHASE_STRIP = NO;
				DEBUG_INFORMATION_FORMAT = dwarf;
				ENABLE_STRICT_OBJC_MSGSEND = YES;
				ENABLE_TESTABILITY = YES;
				GCC_C_LANGUAGE_STANDARD = gnu99;
				GCC_DYNAMIC_NO_PIC = NO;
				GCC_NO_COMMON_BLOCKS = YES;
				GCC_OPTIMIZATION_LEVEL = 0;
				GCC_PREPROCESSOR_DEFINITIONS = (
					"DEBUG=1",
					"$(inherited)",
				);
				GCC_WARN_64_TO_32_BIT_CONVERSION = YES;
				GCC_WARN_ABOUT_RETURN_TYPE = YES_ERROR;
				GCC_WARN_UNDECLARED_SELECTOR = YES;
				GCC_WARN_UNINITIALIZED_AUTOS = YES_AGGRESSIVE;
				GCC_WARN_UNUSED_FUNCTION = YES;
				GCC_WARN_UNUSED_VARIABLE = YES;
				IPHONEOS_DEPLOYMENT_TARGET = 9.2;
				MTL_ENABLE_DEBUG_INFO = YES;
				ONLY_ACTIVE_ARCH = YES;
				SDKROOT = iphoneos;
				SWIFT_OPTIMIZATION_LEVEL = "-Onone";
			};
			name = Debug;
		};
		8A4EB0D31C9F86CE0000EA47 /* Release */ = {
			isa = XCBuildConfiguration;
			buildSettings = {
				ALWAYS_SEARCH_USER_PATHS = NO;
				CLANG_CXX_LANGUAGE_STANDARD = "gnu++0x";
				CLANG_CXX_LIBRARY = "libc++";
				CLANG_ENABLE_MODULES = YES;
				CLANG_ENABLE_OBJC_ARC = YES;
				CLANG_WARN_BOOL_CONVERSION = YES;
				CLANG_WARN_CONSTANT_CONVERSION = YES;
				CLANG_WARN_DIRECT_OBJC_ISA_USAGE = YES_ERROR;
				CLANG_WARN_EMPTY_BODY = YES;
				CLANG_WARN_ENUM_CONVERSION = YES;
				CLANG_WARN_INT_CONVERSION = YES;
				CLANG_WARN_OBJC_ROOT_CLASS = YES_ERROR;
				CLANG_WARN_UNREACHABLE_CODE = YES;
				CLANG_WARN__DUPLICATE_METHOD_MATCH = YES;
				"CODE_SIGN_IDENTITY[sdk=iphoneos*]" = "iPhone Developer";
				COPY_PHASE_STRIP = NO;
				DEBUG_INFORMATION_FORMAT = "dwarf-with-dsym";
				ENABLE_NS_ASSERTIONS = NO;
				ENABLE_STRICT_OBJC_MSGSEND = YES;
				GCC_C_LANGUAGE_STANDARD = gnu99;
				GCC_NO_COMMON_BLOCKS = YES;
				GCC_WARN_64_TO_32_BIT_CONVERSION = YES;
				GCC_WARN_ABOUT_RETURN_TYPE = YES_ERROR;
				GCC_WARN_UNDECLARED_SELECTOR = YES;
				GCC_WARN_UNINITIALIZED_AUTOS = YES_AGGRESSIVE;
				GCC_WARN_UNUSED_FUNCTION = YES;
				GCC_WARN_UNUSED_VARIABLE = YES;
				IPHONEOS_DEPLOYMENT_TARGET = 9.2;
				MTL_ENABLE_DEBUG_INFO = NO;
				SDKROOT = iphoneos;
				VALIDATE_PRODUCT = YES;
			};
			name = Release;
		};
		8A4EB0D51C9F86CE0000EA47 /* Debug */ = {
			isa = XCBuildConfiguration;
			baseConfigurationReference = 38363EFD067F230915B7620D /* Pods-PLASOFTWARE.debug.xcconfig */;
			buildSettings = {
				ASSETCATALOG_COMPILER_APPICON_NAME = AppIcon;
				CLANG_ENABLE_MODULES = YES;
				INFOPLIST_FILE = PLASOFTWARE/Info.plist;
				IPHONEOS_DEPLOYMENT_TARGET = 8.4;
				LD_RUNPATH_SEARCH_PATHS = "$(inherited) @executable_path/Frameworks";
				PRODUCT_BUNDLE_IDENTIFIER = happy9.PLASOFTWARE;
				PRODUCT_NAME = "$(TARGET_NAME)";
				SWIFT_OBJC_BRIDGING_HEADER = "PLASOFTWARE/PLASOFTWARE-Bridging-Header.h";
				SWIFT_OPTIMIZATION_LEVEL = "-Onone";
			};
			name = Debug;
		};
		8A4EB0D61C9F86CE0000EA47 /* Release */ = {
			isa = XCBuildConfiguration;
			baseConfigurationReference = E0B290586D3DCB67DE2178CF /* Pods-PLASOFTWARE.release.xcconfig */;
			buildSettings = {
				ASSETCATALOG_COMPILER_APPICON_NAME = AppIcon;
				CLANG_ENABLE_MODULES = YES;
				INFOPLIST_FILE = PLASOFTWARE/Info.plist;
				IPHONEOS_DEPLOYMENT_TARGET = 8.4;
				LD_RUNPATH_SEARCH_PATHS = "$(inherited) @executable_path/Frameworks";
				PRODUCT_BUNDLE_IDENTIFIER = happy9.PLASOFTWARE;
				PRODUCT_NAME = "$(TARGET_NAME)";
				SWIFT_OBJC_BRIDGING_HEADER = "PLASOFTWARE/PLASOFTWARE-Bridging-Header.h";
			};
			name = Release;
		};
		8A4EB0D81C9F86CE0000EA47 /* Debug */ = {
			isa = XCBuildConfiguration;
			baseConfigurationReference = 2C5F8CF0A72714B65FCD7F48 /* Pods-PLASOFTWARETests.debug.xcconfig */;
			buildSettings = {
				BUNDLE_LOADER = "$(TEST_HOST)";
				INFOPLIST_FILE = PLASOFTWARETests/Info.plist;
				LD_RUNPATH_SEARCH_PATHS = "$(inherited) @executable_path/Frameworks @loader_path/Frameworks";
				PRODUCT_BUNDLE_IDENTIFIER = happy9.PLASOFTWARETests;
				PRODUCT_NAME = "$(TARGET_NAME)";
				TEST_HOST = "$(BUILT_PRODUCTS_DIR)/PLASOFTWARE.app/PLASOFTWARE";
			};
			name = Debug;
		};
		8A4EB0D91C9F86CE0000EA47 /* Release */ = {
			isa = XCBuildConfiguration;
			baseConfigurationReference = B729EB2FA9BFC9EC5A6B4509 /* Pods-PLASOFTWARETests.release.xcconfig */;
			buildSettings = {
				BUNDLE_LOADER = "$(TEST_HOST)";
				INFOPLIST_FILE = PLASOFTWARETests/Info.plist;
				LD_RUNPATH_SEARCH_PATHS = "$(inherited) @executable_path/Frameworks @loader_path/Frameworks";
				PRODUCT_BUNDLE_IDENTIFIER = happy9.PLASOFTWARETests;
				PRODUCT_NAME = "$(TARGET_NAME)";
				TEST_HOST = "$(BUILT_PRODUCTS_DIR)/PLASOFTWARE.app/PLASOFTWARE";
			};
			name = Release;
		};
		8A4EB0DB1C9F86CE0000EA47 /* Debug */ = {
			isa = XCBuildConfiguration;
			baseConfigurationReference = 53A21F5207BAA2F5FE396A7D /* Pods-PLASOFTWAREUITests.debug.xcconfig */;
			buildSettings = {
				INFOPLIST_FILE = PLASOFTWAREUITests/Info.plist;
				LD_RUNPATH_SEARCH_PATHS = "$(inherited) @executable_path/Frameworks @loader_path/Frameworks";
				PRODUCT_BUNDLE_IDENTIFIER = happy9.PLASOFTWAREUITests;
				PRODUCT_NAME = "$(TARGET_NAME)";
				TEST_TARGET_NAME = PLASOFTWARE;
				USES_XCTRUNNER = YES;
			};
			name = Debug;
		};
		8A4EB0DC1C9F86CE0000EA47 /* Release */ = {
			isa = XCBuildConfiguration;
			baseConfigurationReference = 049DDCA5DB50AD3DD3ACD6D8 /* Pods-PLASOFTWAREUITests.release.xcconfig */;
			buildSettings = {
				INFOPLIST_FILE = PLASOFTWAREUITests/Info.plist;
				LD_RUNPATH_SEARCH_PATHS = "$(inherited) @executable_path/Frameworks @loader_path/Frameworks";
				PRODUCT_BUNDLE_IDENTIFIER = happy9.PLASOFTWAREUITests;
				PRODUCT_NAME = "$(TARGET_NAME)";
				TEST_TARGET_NAME = PLASOFTWARE;
				USES_XCTRUNNER = YES;
			};
			name = Release;
		};
/* End XCBuildConfiguration section */

/* Begin XCConfigurationList section */
		8A4EB0A71C9F86CD0000EA47 /* Build configuration list for PBXProject "PLASOFTWARE" */ = {
			isa = XCConfigurationList;
			buildConfigurations = (
				8A4EB0D21C9F86CE0000EA47 /* Debug */,
				8A4EB0D31C9F86CE0000EA47 /* Release */,
			);
			defaultConfigurationIsVisible = 0;
			defaultConfigurationName = Release;
		};
		8A4EB0D41C9F86CE0000EA47 /* Build configuration list for PBXNativeTarget "PLASOFTWARE" */ = {
			isa = XCConfigurationList;
			buildConfigurations = (
				8A4EB0D51C9F86CE0000EA47 /* Debug */,
				8A4EB0D61C9F86CE0000EA47 /* Release */,
			);
			defaultConfigurationIsVisible = 0;
			defaultConfigurationName = Release;
		};
		8A4EB0D71C9F86CE0000EA47 /* Build configuration list for PBXNativeTarget "PLASOFTWARETests" */ = {
			isa = XCConfigurationList;
			buildConfigurations = (
				8A4EB0D81C9F86CE0000EA47 /* Debug */,
				8A4EB0D91C9F86CE0000EA47 /* Release */,
			);
			defaultConfigurationIsVisible = 0;
			defaultConfigurationName = Release;
		};
		8A4EB0DA1C9F86CE0000EA47 /* Build configuration list for PBXNativeTarget "PLASOFTWAREUITests" */ = {
			isa = XCConfigurationList;
			buildConfigurations = (
				8A4EB0DB1C9F86CE0000EA47 /* Debug */,
				8A4EB0DC1C9F86CE0000EA47 /* Release */,
			);
			defaultConfigurationIsVisible = 0;
			defaultConfigurationName = Release;
		};
/* End XCConfigurationList section */
	};
	rootObject = 8A4EB0A41C9F86CD0000EA47 /* Project object */;
}
